
Microsoft Visual Studio Solution File, Format Version 12.00
# Visual Studio 15
Project("{FAE04EC0-301F-11D3-BF4B-00C04F79EFBC}") = "InterfaceDeserializer", "InterfaceDeserializer\InterfaceDeserializer.csproj", "{FBC34648-30D6-4F78-AC78-053C35FD299E}"
EndProject
Global
	GlobalSection(SolutionConfigurationPlatforms) = preSolution
		Debug|Any CPU = Debug|Any CPU
		Release|Any CPU = Release|Any CPU
	EndGlobalSection
	GlobalSection(ProjectConfigurationPlatforms) = postSolution
		{FBC34648-30D6-4F78-AC78-053C35FD299E}.Debug|Any CPU.ActiveCfg = Debug|Any CPU
		{FBC34648-30D6-4F78-AC78-053C35FD299E}.Debug|Any CPU.Build.0 = Debug|Any CPU
		{FBC34648-30D6-4F78-AC78-053C35FD299E}.Release|Any CPU.ActiveCfg = Release|Any CPU
		{FBC34648-30D6-4F78-AC78-053C35FD299E}.Release|Any CPU.Build.0 = Release|Any CPU
	EndGlobalSection
EndGlobal
